// !$*UTF8*$!
{
	archiveVersion = 1;
	classes = {
	};
	objectVersion = 46;
	objects = {

/* Begin PBXBuildFile section */
		08DC4E311F8522C8000E0D57 /* main.m in Sources */ = {isa = PBXBuildFile; fileRef = 08DC4E301F8522C8000E0D57 /* main.m */; };
		08DC4E341F8522C8000E0D57 /* AppDelegate.m in Sources */ = {isa = PBXBuildFile; fileRef = 08DC4E331F8522C8000E0D57 /* AppDelegate.m */; };
		08DC4E3C1F8522C8000E0D57 /* Assets.xcassets in Resources */ = {isa = PBXBuildFile; fileRef = 08DC4E3B1F8522C8000E0D57 /* Assets.xcassets */; };
		08DC4E3F1F8522C8000E0D57 /* LaunchScreen.storyboard in Resources */ = {isa = PBXBuildFile; fileRef = 08DC4E3D1F8522C8000E0D57 /* LaunchScreen.storyboard */; };
		08DC4E4A1F8522C8000E0D57 /* OpenYourMindTests.m in Sources */ = {isa = PBXBuildFile; fileRef = 08DC4E491F8522C8000E0D57 /* OpenYourMindTests.m */; };
		08DC4E551F8522C8000E0D57 /* OpenYourMindUITests.m in Sources */ = {isa = PBXBuildFile; fileRef = 08DC4E541F8522C8000E0D57 /* OpenYourMindUITests.m */; };
		08DC4E6F1F854A98000E0D57 /* SignUpViewController.m in Sources */ = {isa = PBXBuildFile; fileRef = 08DC4E6D1F854A98000E0D57 /* SignUpViewController.m */; };
		08DC4E701F854A98000E0D57 /* SignUpViewController.xib in Resources */ = {isa = PBXBuildFile; fileRef = 08DC4E6E1F854A98000E0D57 /* SignUpViewController.xib */; };
		08DC4E751F854FD3000E0D57 /* FirstScreenViewController.m in Sources */ = {isa = PBXBuildFile; fileRef = 08DC4E731F854FD3000E0D57 /* FirstScreenViewController.m */; };
		08DC4E761F854FD3000E0D57 /* FirstScreenViewController.xib in Resources */ = {isa = PBXBuildFile; fileRef = 08DC4E741F854FD3000E0D57 /* FirstScreenViewController.xib */; };
		08DC4E7A1F8552B6000E0D57 /* LoginScreenViewController.m in Sources */ = {isa = PBXBuildFile; fileRef = 08DC4E781F8552B6000E0D57 /* LoginScreenViewController.m */; };
		08DC4E7B1F8552B6000E0D57 /* LoginScreenViewController.xib in Resources */ = {isa = PBXBuildFile; fileRef = 08DC4E791F8552B6000E0D57 /* LoginScreenViewController.xib */; };
/* End PBXBuildFile section */

/* Begin PBXContainerItemProxy section */
		08DC4E461F8522C8000E0D57 /* PBXContainerItemProxy */ = {
			isa = PBXContainerItemProxy;
			containerPortal = 08DC4E241F8522C8000E0D57 /* Project object */;
			proxyType = 1;
			remoteGlobalIDString = 08DC4E2B1F8522C8000E0D57;
			remoteInfo = OpenYourMind;
		};
		08DC4E511F8522C8000E0D57 /* PBXContainerItemProxy */ = {
			isa = PBXContainerItemProxy;
			containerPortal = 08DC4E241F8522C8000E0D57 /* Project object */;
			proxyType = 1;
			remoteGlobalIDString = 08DC4E2B1F8522C8000E0D57;
			remoteInfo = OpenYourMind;
		};
/* End PBXContainerItemProxy section */

/* Begin PBXFileReference section */
		08DC4E2C1F8522C8000E0D57 /* OpenYourMind.app */ = {isa = PBXFileReference; explicitFileType = wrapper.application; includeInIndex = 0; path = OpenYourMind.app; sourceTree = BUILT_PRODUCTS_DIR; };
		08DC4E301F8522C8000E0D57 /* main.m */ = {isa = PBXFileReference; lastKnownFileType = sourcecode.c.objc; path = main.m; sourceTree = "<group>"; };
		08DC4E321F8522C8000E0D57 /* AppDelegate.h */ = {isa = PBXFileReference; lastKnownFileType = sourcecode.c.h; path = AppDelegate.h; sourceTree = "<group>"; };
		08DC4E331F8522C8000E0D57 /* AppDelegate.m */ = {isa = PBXFileReference; lastKnownFileType = sourcecode.c.objc; path = AppDelegate.m; sourceTree = "<group>"; };
		08DC4E3B1F8522C8000E0D57 /* Assets.xcassets */ = {isa = PBXFileReference; lastKnownFileType = folder.assetcatalog; path = Assets.xcassets; sourceTree = "<group>"; };
		08DC4E3E1F8522C8000E0D57 /* Base */ = {isa = PBXFileReference; lastKnownFileType = file.storyboard; name = Base; path = Base.lproj/LaunchScreen.storyboard; sourceTree = "<group>"; };
		08DC4E401F8522C8000E0D57 /* Info.plist */ = {isa = PBXFileReference; lastKnownFileType = text.plist.xml; path = Info.plist; sourceTree = "<group>"; };
		08DC4E451F8522C8000E0D57 /* OpenYourMindTests.xctest */ = {isa = PBXFileReference; explicitFileType = wrapper.cfbundle; includeInIndex = 0; path = OpenYourMindTests.xctest; sourceTree = BUILT_PRODUCTS_DIR; };
		08DC4E491F8522C8000E0D57 /* OpenYourMindTests.m */ = {isa = PBXFileReference; lastKnownFileType = sourcecode.c.objc; path = OpenYourMindTests.m; sourceTree = "<group>"; };
		08DC4E4B1F8522C8000E0D57 /* Info.plist */ = {isa = PBXFileReference; lastKnownFileType = text.plist.xml; path = Info.plist; sourceTree = "<group>"; };
		08DC4E501F8522C8000E0D57 /* OpenYourMindUITests.xctest */ = {isa = PBXFileReference; explicitFileType = wrapper.cfbundle; includeInIndex = 0; path = OpenYourMindUITests.xctest; sourceTree = BUILT_PRODUCTS_DIR; };
		08DC4E541F8522C8000E0D57 /* OpenYourMindUITests.m */ = {isa = PBXFileReference; lastKnownFileType = sourcecode.c.objc; path = OpenYourMindUITests.m; sourceTree = "<group>"; };
		08DC4E561F8522C8000E0D57 /* Info.plist */ = {isa = PBXFileReference; lastKnownFileType = text.plist.xml; path = Info.plist; sourceTree = "<group>"; };
		08DC4E6C1F854A98000E0D57 /* SignUpViewController.h */ = {isa = PBXFileReference; fileEncoding = 4; lastKnownFileType = sourcecode.c.h; path = SignUpViewController.h; sourceTree = "<group>"; };
		08DC4E6D1F854A98000E0D57 /* SignUpViewController.m */ = {isa = PBXFileReference; fileEncoding = 4; lastKnownFileType = sourcecode.c.objc; path = SignUpViewController.m; sourceTree = "<group>"; };
		08DC4E6E1F854A98000E0D57 /* SignUpViewController.xib */ = {isa = PBXFileReference; fileEncoding = 4; lastKnownFileType = file.xib; path = SignUpViewController.xib; sourceTree = "<group>"; };
		08DC4E721F854FD3000E0D57 /* FirstScreenViewController.h */ = {isa = PBXFileReference; fileEncoding = 4; lastKnownFileType = sourcecode.c.h; path = FirstScreenViewController.h; sourceTree = "<group>"; };
		08DC4E731F854FD3000E0D57 /* FirstScreenViewController.m */ = {isa = PBXFileReference; fileEncoding = 4; lastKnownFileType = sourcecode.c.objc; path = FirstScreenViewController.m; sourceTree = "<group>"; };
		08DC4E741F854FD3000E0D57 /* FirstScreenViewController.xib */ = {isa = PBXFileReference; fileEncoding = 4; lastKnownFileType = file.xib; path = FirstScreenViewController.xib; sourceTree = "<group>"; };
		08DC4E771F8552B6000E0D57 /* LoginScreenViewController.h */ = {isa = PBXFileReference; fileEncoding = 4; lastKnownFileType = sourcecode.c.h; path = LoginScreenViewController.h; sourceTree = "<group>"; };
		08DC4E781F8552B6000E0D57 /* LoginScreenViewController.m */ = {isa = PBXFileReference; fileEncoding = 4; lastKnownFileType = sourcecode.c.objc; path = LoginScreenViewController.m; sourceTree = "<group>"; };
		08DC4E791F8552B6000E0D57 /* LoginScreenViewController.xib */ = {isa = PBXFileReference; fileEncoding = 4; lastKnownFileType = file.xib; path = LoginScreenViewController.xib; sourceTree = "<group>"; };
/* End PBXFileReference section */

/* Begin PBXFrameworksBuildPhase section */
		08DC4E291F8522C8000E0D57 /* Frameworks */ = {
			isa = PBXFrameworksBuildPhase;
			buildActionMask = 2147483647;
			files = (
			);
			runOnlyForDeploymentPostprocessing = 0;
		};
		08DC4E421F8522C8000E0D57 /* Frameworks */ = {
			isa = PBXFrameworksBuildPhase;
			buildActionMask = 2147483647;
			files = (
			);
			runOnlyForDeploymentPostprocessing = 0;
		};
		08DC4E4D1F8522C8000E0D57 /* Frameworks */ = {
			isa = PBXFrameworksBuildPhase;
			buildActionMask = 2147483647;
			files = (
			);
			runOnlyForDeploymentPostprocessing = 0;
		};
/* End PBXFrameworksBuildPhase section */

/* Begin PBXGroup section */
		08DC4E231F8522C8000E0D57 = {
			isa = PBXGroup;
			children = (
				08DC4E2E1F8522C8000E0D57 /* OpenYourMind */,
				08DC4E481F8522C8000E0D57 /* OpenYourMindTests */,
				08DC4E531F8522C8000E0D57 /* OpenYourMindUITests */,
				08DC4E2D1F8522C8000E0D57 /* Products */,
			);
			sourceTree = "<group>";
		};
		08DC4E2D1F8522C8000E0D57 /* Products */ = {
			isa = PBXGroup;
			children = (
				08DC4E2C1F8522C8000E0D57 /* OpenYourMind.app */,
				08DC4E451F8522C8000E0D57 /* OpenYourMindTests.xctest */,
				08DC4E501F8522C8000E0D57 /* OpenYourMindUITests.xctest */,
			);
			name = Products;
			sourceTree = "<group>";
		};
		08DC4E2E1F8522C8000E0D57 /* OpenYourMind */ = {
			isa = PBXGroup;
			children = (
				08DC4E711F854FAE000E0D57 /* FirstScreen */,
				08DC4E6A1F85239E000E0D57 /* AssoScreen */,
				08DC4E691F85238F000E0D57 /* LabScreen */,
				08DC4E671F852357000E0D57 /* ProfilScreen */,
				08DC4E661F85234B000E0D57 /* HomeScreen */,
				08DC4E651F85232B000E0D57 /* AssosiationsScreen */,
				08DC4E641F852324000E0D57 /* LoginScreen */,
				08DC4E631F852310000E0D57 /* SignUpScreen */,
				08DC4E621F8522DD000E0D57 /* WebServices */,
				08DC4E321F8522C8000E0D57 /* AppDelegate.h */,
				08DC4E331F8522C8000E0D57 /* AppDelegate.m */,
				08DC4E3B1F8522C8000E0D57 /* Assets.xcassets */,
				08DC4E3D1F8522C8000E0D57 /* LaunchScreen.storyboard */,
				08DC4E401F8522C8000E0D57 /* Info.plist */,
				08DC4E2F1F8522C8000E0D57 /* Supporting Files */,
			);
			path = OpenYourMind;
			sourceTree = "<group>";
		};
		08DC4E2F1F8522C8000E0D57 /* Supporting Files */ = {
			isa = PBXGroup;
			children = (
				08DC4E301F8522C8000E0D57 /* main.m */,
			);
			name = "Supporting Files";
			sourceTree = "<group>";
		};
		08DC4E481F8522C8000E0D57 /* OpenYourMindTests */ = {
			isa = PBXGroup;
			children = (
				08DC4E491F8522C8000E0D57 /* OpenYourMindTests.m */,
				08DC4E4B1F8522C8000E0D57 /* Info.plist */,
			);
			path = OpenYourMindTests;
			sourceTree = "<group>";
		};
		08DC4E531F8522C8000E0D57 /* OpenYourMindUITests */ = {
			isa = PBXGroup;
			children = (
				08DC4E541F8522C8000E0D57 /* OpenYourMindUITests.m */,
				08DC4E561F8522C8000E0D57 /* Info.plist */,
			);
			path = OpenYourMindUITests;
			sourceTree = "<group>";
		};
		08DC4E621F8522DD000E0D57 /* WebServices */ = {
			isa = PBXGroup;
			children = (
			);
			path = WebServices;
			sourceTree = "<group>";
		};
		08DC4E631F852310000E0D57 /* SignUpScreen */ = {
			isa = PBXGroup;
			children = (
				08DC4E6C1F854A98000E0D57 /* SignUpViewController.h */,
				08DC4E6D1F854A98000E0D57 /* SignUpViewController.m */,
				08DC4E6E1F854A98000E0D57 /* SignUpViewController.xib */,
			);
			path = SignUpScreen;
			sourceTree = "<group>";
		};
		08DC4E641F852324000E0D57 /* LoginScreen */ = {
			isa = PBXGroup;
			children = (
				08DC4E771F8552B6000E0D57 /* LoginScreenViewController.h */,
				08DC4E781F8552B6000E0D57 /* LoginScreenViewController.m */,
				08DC4E791F8552B6000E0D57 /* LoginScreenViewController.xib */,
			);
			path = LoginScreen;
			sourceTree = "<group>";
		};
		08DC4E651F85232B000E0D57 /* AssosiationsScreen */ = {
			isa = PBXGroup;
			children = (
			);
			name = AssosiationsScreen;
			path = AssociationsScreen;
			sourceTree = "<group>";
		};
		08DC4E661F85234B000E0D57 /* HomeScreen */ = {
			isa = PBXGroup;
			children = (
			);
			path = HomeScreen;
			sourceTree = "<group>";
		};
		08DC4E671F852357000E0D57 /* ProfilScreen */ = {
			isa = PBXGroup;
			children = (
			);
			path = ProfilScreen;
			sourceTree = "<group>";
		};
		08DC4E691F85238F000E0D57 /* LabScreen */ = {
			isa = PBXGroup;
			children = (
			);
			path = LabScreen;
			sourceTree = "<group>";
		};
		08DC4E6A1F85239E000E0D57 /* AssoScreen */ = {
			isa = PBXGroup;
			children = (
			);
			path = AssoScreen;
			sourceTree = "<group>";
		};
		08DC4E711F854FAE000E0D57 /* FirstScreen */ = {
			isa = PBXGroup;
			children = (
				08DC4E721F854FD3000E0D57 /* FirstScreenViewController.h */,
				08DC4E731F854FD3000E0D57 /* FirstScreenViewController.m */,
				08DC4E741F854FD3000E0D57 /* FirstScreenViewController.xib */,
			);
			path = FirstScreen;
			sourceTree = "<group>";
		};
/* End PBXGroup section */

/* Begin PBXNativeTarget section */
		08DC4E2B1F8522C8000E0D57 /* OpenYourMind */ = {
			isa = PBXNativeTarget;
			buildConfigurationList = 08DC4E591F8522C8000E0D57 /* Build configuration list for PBXNativeTarget "OpenYourMind" */;
			buildPhases = (
				08DC4E281F8522C8000E0D57 /* Sources */,
				08DC4E291F8522C8000E0D57 /* Frameworks */,
				08DC4E2A1F8522C8000E0D57 /* Resources */,
			);
			buildRules = (
			);
			dependencies = (
			);
			name = OpenYourMind;
			productName = OpenYourMind;
			productReference = 08DC4E2C1F8522C8000E0D57 /* OpenYourMind.app */;
			productType = "com.apple.product-type.application";
		};
		08DC4E441F8522C8000E0D57 /* OpenYourMindTests */ = {
			isa = PBXNativeTarget;
			buildConfigurationList = 08DC4E5C1F8522C8000E0D57 /* Build configuration list for PBXNativeTarget "OpenYourMindTests" */;
			buildPhases = (
				08DC4E411F8522C8000E0D57 /* Sources */,
				08DC4E421F8522C8000E0D57 /* Frameworks */,
				08DC4E431F8522C8000E0D57 /* Resources */,
			);
			buildRules = (
			);
			dependencies = (
				08DC4E471F8522C8000E0D57 /* PBXTargetDependency */,
			);
			name = OpenYourMindTests;
			productName = OpenYourMindTests;
			productReference = 08DC4E451F8522C8000E0D57 /* OpenYourMindTests.xctest */;
			productType = "com.apple.product-type.bundle.unit-test";
		};
		08DC4E4F1F8522C8000E0D57 /* OpenYourMindUITests */ = {
			isa = PBXNativeTarget;
			buildConfigurationList = 08DC4E5F1F8522C8000E0D57 /* Build configuration list for PBXNativeTarget "OpenYourMindUITests" */;
			buildPhases = (
				08DC4E4C1F8522C8000E0D57 /* Sources */,
				08DC4E4D1F8522C8000E0D57 /* Frameworks */,
				08DC4E4E1F8522C8000E0D57 /* Resources */,
			);
			buildRules = (
			);
			dependencies = (
				08DC4E521F8522C8000E0D57 /* PBXTargetDependency */,
			);
			name = OpenYourMindUITests;
			productName = OpenYourMindUITests;
			productReference = 08DC4E501F8522C8000E0D57 /* OpenYourMindUITests.xctest */;
			productType = "com.apple.product-type.bundle.ui-testing";
		};
/* End PBXNativeTarget section */

/* Begin PBXProject section */
		08DC4E241F8522C8000E0D57 /* Project object */ = {
			isa = PBXProject;
			attributes = {
				LastUpgradeCheck = 0820;
				ORGANIZATIONNAME = "Bérangère La Touche";
				TargetAttributes = {
					08DC4E2B1F8522C8000E0D57 = {
						CreatedOnToolsVersion = 8.2.1;
						DevelopmentTeam = 9GDJ425SV6;
						ProvisioningStyle = Automatic;
					};
					08DC4E441F8522C8000E0D57 = {
						CreatedOnToolsVersion = 8.2.1;
						DevelopmentTeam = 9GDJ425SV6;
						ProvisioningStyle = Automatic;
						TestTargetID = 08DC4E2B1F8522C8000E0D57;
					};
					08DC4E4F1F8522C8000E0D57 = {
						CreatedOnToolsVersion = 8.2.1;
						DevelopmentTeam = 9GDJ425SV6;
						ProvisioningStyle = Automatic;
						TestTargetID = 08DC4E2B1F8522C8000E0D57;
					};
				};
			};
			buildConfigurationList = 08DC4E271F8522C8000E0D57 /* Build configuration list for PBXProject "OpenYourMind" */;
			compatibilityVersion = "Xcode 3.2";
			developmentRegion = English;
			hasScannedForEncodings = 0;
			knownRegions = (
				en,
				Base,
			);
			mainGroup = 08DC4E231F8522C8000E0D57;
			productRefGroup = 08DC4E2D1F8522C8000E0D57 /* Products */;
			projectDirPath = "";
			projectRoot = "";
			targets = (
				08DC4E2B1F8522C8000E0D57 /* OpenYourMind */,
				08DC4E441F8522C8000E0D57 /* OpenYourMindTests */,
				08DC4E4F1F8522C8000E0D57 /* OpenYourMindUITests */,
			);
		};
/* End PBXProject section */

/* Begin PBXResourcesBuildPhase section */
		08DC4E2A1F8522C8000E0D57 /* Resources */ = {
			isa = PBXResourcesBuildPhase;
			buildActionMask = 2147483647;
			files = (
				08DC4E3F1F8522C8000E0D57 /* LaunchScreen.storyboard in Resources */,
				08DC4E761F854FD3000E0D57 /* FirstScreenViewController.xib in Resources */,
				08DC4E701F854A98000E0D57 /* SignUpViewController.xib in Resources */,
				08DC4E3C1F8522C8000E0D57 /* Assets.xcassets in Resources */,
				08DC4E7B1F8552B6000E0D57 /* LoginScreenViewController.xib in Resources */,
			);
			runOnlyForDeploymentPostprocessing = 0;
		};
		08DC4E431F8522C8000E0D57 /* Resources */ = {
			isa = PBXResourcesBuildPhase;
			buildActionMask = 2147483647;
			files = (
			);
			runOnlyForDeploymentPostprocessing = 0;
		};
		08DC4E4E1F8522C8000E0D57 /* Resources */ = {
			isa = PBXResourcesBuildPhase;
			buildActionMask = 2147483647;
			files = (
			);
			runOnlyForDeploymentPostprocessing = 0;
		};
/* End PBXResourcesBuildPhase section */

/* Begin PBXSourcesBuildPhase section */
		08DC4E281F8522C8000E0D57 /* Sources */ = {
			isa = PBXSourcesBuildPhase;
			buildActionMask = 2147483647;
			files = (
				08DC4E341F8522C8000E0D57 /* AppDelegate.m in Sources */,
				08DC4E751F854FD3000E0D57 /* FirstScreenViewController.m in Sources */,
				08DC4E311F8522C8000E0D57 /* main.m in Sources */,
				08DC4E6F1F854A98000E0D57 /* SignUpViewController.m in Sources */,
				08DC4E7A1F8552B6000E0D57 /* LoginScreenViewController.m in Sources */,
			);
			runOnlyForDeploymentPostprocessing = 0;
		};
		08DC4E411F8522C8000E0D57 /* Sources */ = {
			isa = PBXSourcesBuildPhase;
			buildActionMask = 2147483647;
			files = (
				08DC4E4A1F8522C8000E0D57 /* OpenYourMindTests.m in Sources */,
			);
			runOnlyForDeploymentPostprocessing = 0;
		};
		08DC4E4C1F8522C8000E0D57 /* Sources */ = {
			isa = PBXSourcesBuildPhase;
			buildActionMask = 2147483647;
			files = (
				08DC4E551F8522C8000E0D57 /* OpenYourMindUITests.m in Sources */,
			);
			runOnlyForDeploymentPostprocessing = 0;
		};
/* End PBXSourcesBuildPhase section */

/* Begin PBXTargetDependency section */
		08DC4E471F8522C8000E0D57 /* PBXTargetDependency */ = {
			isa = PBXTargetDependency;
			target = 08DC4E2B1F8522C8000E0D57 /* OpenYourMind */;
			targetProxy = 08DC4E461F8522C8000E0D57 /* PBXContainerItemProxy */;
		};
		08DC4E521F8522C8000E0D57 /* PBXTargetDependency */ = {
			isa = PBXTargetDependency;
			target = 08DC4E2B1F8522C8000E0D57 /* OpenYourMind */;
			targetProxy = 08DC4E511F8522C8000E0D57 /* PBXContainerItemProxy */;
		};
/* End PBXTargetDependency section */

/* Begin PBXVariantGroup section */
		08DC4E3D1F8522C8000E0D57 /* LaunchScreen.storyboard */ = {
			isa = PBXVariantGroup;
			children = (
				08DC4E3E1F8522C8000E0D57 /* Base */,
			);
			name = LaunchScreen.storyboard;
			sourceTree = "<group>";
		};
/* End PBXVariantGroup section */

/* Begin XCBuildConfiguration section */
		08DC4E571F8522C8000E0D57 /* Debug */ = {
			isa = XCBuildConfiguration;
			buildSettings = {
				ALWAYS_SEARCH_USER_PATHS = NO;
				CLANG_ANALYZER_NONNULL = YES;
				CLANG_CXX_LANGUAGE_STANDARD = "gnu++0x";
				CLANG_CXX_LIBRARY = "libc++";
				CLANG_ENABLE_MODULES = YES;
				CLANG_ENABLE_OBJC_ARC = YES;
				CLANG_WARN_BOOL_CONVERSION = YES;
				CLANG_WARN_CONSTANT_CONVERSION = YES;
				CLANG_WARN_DIRECT_OBJC_ISA_USAGE = YES_ERROR;
				CLANG_WARN_DOCUMENTATION_COMMENTS = YES;
				CLANG_WARN_EMPTY_BODY = YES;
				CLANG_WARN_ENUM_CONVERSION = YES;
				CLANG_WARN_INFINITE_RECURSION = YES;
				CLANG_WARN_INT_CONVERSION = YES;
				CLANG_WARN_OBJC_ROOT_CLASS = YES_ERROR;
				CLANG_WARN_SUSPICIOUS_MOVE = YES;
				CLANG_WARN_UNREACHABLE_CODE = YES;
				CLANG_WARN__DUPLICATE_METHOD_MATCH = YES;
				"CODE_SIGN_IDENTITY[sdk=iphoneos*]" = "iPhone Developer";
				COPY_PHASE_STRIP = NO;
				DEBUG_INFORMATION_FORMAT = dwarf;
				ENABLE_STRICT_OBJC_MSGSEND = YES;
				ENABLE_TESTABILITY = YES;
				GCC_C_LANGUAGE_STANDARD = gnu99;
				GCC_DYNAMIC_NO_PIC = NO;
				GCC_NO_COMMON_BLOCKS = YES;
				GCC_OPTIMIZATION_LEVEL = 0;
				GCC_PREPROCESSOR_DEFINITIONS = (
					"DEBUG=1",
					"$(inherited)",
				);
				GCC_WARN_64_TO_32_BIT_CONVERSION = YES;
				GCC_WARN_ABOUT_RETURN_TYPE = YES_ERROR;
				GCC_WARN_UNDECLARED_SELECTOR = YES;
				GCC_WARN_UNINITIALIZED_AUTOS = YES_AGGRESSIVE;
				GCC_WARN_UNUSED_FUNCTION = YES;
				GCC_WARN_UNUSED_VARIABLE = YES;
				IPHONEOS_DEPLOYMENT_TARGET = 10.2;
				MTL_ENABLE_DEBUG_INFO = YES;
				ONLY_ACTIVE_ARCH = YES;
				SDKROOT = iphoneos;
			};
			name = Debug;
		};
		08DC4E581F8522C8000E0D57 /* Release */ = {
			isa = XCBuildConfiguration;
			buildSettings = {
				ALWAYS_SEARCH_USER_PATHS = NO;
				CLANG_ANALYZER_NONNULL = YES;
				CLANG_CXX_LANGUAGE_STANDARD = "gnu++0x";
				CLANG_CXX_LIBRARY = "libc++";
				CLANG_ENABLE_MODULES = YES;
				CLANG_ENABLE_OBJC_ARC = YES;
				CLANG_WARN_BOOL_CONVERSION = YES;
				CLANG_WARN_CONSTANT_CONVERSION = YES;
				CLANG_WARN_DIRECT_OBJC_ISA_USAGE = YES_ERROR;
				CLANG_WARN_DOCUMENTATION_COMMENTS = YES;
				CLANG_WARN_EMPTY_BODY = YES;
				CLANG_WARN_ENUM_CONVERSION = YES;
				CLANG_WARN_INFINITE_RECURSION = YES;
				CLANG_WARN_INT_CONVERSION = YES;
				CLANG_WARN_OBJC_ROOT_CLASS = YES_ERROR;
				CLANG_WARN_SUSPICIOUS_MOVE = YES;
				CLANG_WARN_UNREACHABLE_CODE = YES;
				CLANG_WARN__DUPLICATE_METHOD_MATCH = YES;
				"CODE_SIGN_IDENTITY[sdk=iphoneos*]" = "iPhone Developer";
				COPY_PHASE_STRIP = NO;
				DEBUG_INFORMATION_FORMAT = "dwarf-with-dsym";
				ENABLE_NS_ASSERTIONS = NO;
				ENABLE_STRICT_OBJC_MSGSEND = YES;
				GCC_C_LANGUAGE_STANDARD = gnu99;
				GCC_NO_COMMON_BLOCKS = YES;
				GCC_WARN_64_TO_32_BIT_CONVERSION = YES;
				GCC_WARN_ABOUT_RETURN_TYPE = YES_ERROR;
				GCC_WARN_UNDECLARED_SELECTOR = YES;
				GCC_WARN_UNINITIALIZED_AUTOS = YES_AGGRESSIVE;
				GCC_WARN_UNUSED_FUNCTION = YES;
				GCC_WARN_UNUSED_VARIABLE = YES;
				IPHONEOS_DEPLOYMENT_TARGET = 10.2;
				MTL_ENABLE_DEBUG_INFO = NO;
				SDKROOT = iphoneos;
				VALIDATE_PRODUCT = YES;
			};
			name = Release;
		};
		08DC4E5A1F8522C8000E0D57 /* Debug */ = {
			isa = XCBuildConfiguration;
			buildSettings = {
				ASSETCATALOG_COMPILER_APPICON_NAME = AppIcon;
				ASSETCATALOG_COMPILER_LAUNCHIMAGE_NAME = LaunchImage;
				DEVELOPMENT_TEAM = 9GDJ425SV6;
				INFOPLIST_FILE = OpenYourMind/Info.plist;
				LD_RUNPATH_SEARCH_PATHS = "$(inherited) @executable_path/Frameworks";
				PRODUCT_BUNDLE_IDENTIFIER = com.esgi.hackathon.OpenYourMind;
				PRODUCT_NAME = "$(TARGET_NAME)";
			};
			name = Debug;
		};
		08DC4E5B1F8522C8000E0D57 /* Release */ = {
			isa = XCBuildConfiguration;
			buildSettings = {
				ASSETCATALOG_COMPILER_APPICON_NAME = AppIcon;
				ASSETCATALOG_COMPILER_LAUNCHIMAGE_NAME = LaunchImage;
				DEVELOPMENT_TEAM = 9GDJ425SV6;
				INFOPLIST_FILE = OpenYourMind/Info.plist;
				LD_RUNPATH_SEARCH_PATHS = "$(inherited) @executable_path/Frameworks";
				PRODUCT_BUNDLE_IDENTIFIER = com.esgi.hackathon.OpenYourMind;
				PRODUCT_NAME = "$(TARGET_NAME)";
			};
			name = Release;
		};
		08DC4E5D1F8522C8000E0D57 /* Debug */ = {
			isa = XCBuildConfiguration;
			buildSettings = {
				BUNDLE_LOADER = "$(TEST_HOST)";
				DEVELOPMENT_TEAM = 9GDJ425SV6;
				INFOPLIST_FILE = OpenYourMindTests/Info.plist;
				LD_RUNPATH_SEARCH_PATHS = "$(inherited) @executable_path/Frameworks @loader_path/Frameworks";
				PRODUCT_BUNDLE_IDENTIFIER = com.esgi.hackathon.OpenYourMindTests;
				PRODUCT_NAME = "$(TARGET_NAME)";
				TEST_HOST = "$(BUILT_PRODUCTS_DIR)/OpenYourMind.app/OpenYourMind";
			};
			name = Debug;
		};
		08DC4E5E1F8522C8000E0D57 /* Release */ = {
			isa = XCBuildConfiguration;
			buildSettings = {
				BUNDLE_LOADER = "$(TEST_HOST)";
				DEVELOPMENT_TEAM = 9GDJ425SV6;
				INFOPLIST_FILE = OpenYourMindTests/Info.plist;
				LD_RUNPATH_SEARCH_PATHS = "$(inherited) @executable_path/Frameworks @loader_path/Frameworks";
				PRODUCT_BUNDLE_IDENTIFIER = com.esgi.hackathon.OpenYourMindTests;
				PRODUCT_NAME = "$(TARGET_NAME)";
				TEST_HOST = "$(BUILT_PRODUCTS_DIR)/OpenYourMind.app/OpenYourMind";
			};
			name = Release;
		};
		08DC4E601F8522C8000E0D57 /* Debug */ = {
			isa = XCBuildConfiguration;
			buildSettings = {
				DEVELOPMENT_TEAM = 9GDJ425SV6;
				INFOPLIST_FILE = OpenYourMindUITests/Info.plist;
				LD_RUNPATH_SEARCH_PATHS = "$(inherited) @executable_path/Frameworks @loader_path/Frameworks";
				PRODUCT_BUNDLE_IDENTIFIER = com.esgi.hackathon.OpenYourMindUITests;
				PRODUCT_NAME = "$(TARGET_NAME)";
				TEST_TARGET_NAME = OpenYourMind;
			};
			name = Debug;
		};
		08DC4E611F8522C8000E0D57 /* Release */ = {
			isa = XCBuildConfiguration;
			buildSettings = {
				DEVELOPMENT_TEAM = 9GDJ425SV6;
				INFOPLIST_FILE = OpenYourMindUITests/Info.plist;
				LD_RUNPATH_SEARCH_PATHS = "$(inherited) @executable_path/Frameworks @loader_path/Frameworks";
				PRODUCT_BUNDLE_IDENTIFIER = com.esgi.hackathon.OpenYourMindUITests;
				PRODUCT_NAME = "$(TARGET_NAME)";
				TEST_TARGET_NAME = OpenYourMind;
			};
			name = Release;
		};
/* End XCBuildConfiguration section */

/* Begin XCConfigurationList section */
		08DC4E271F8522C8000E0D57 /* Build configuration list for PBXProject "OpenYourMind" */ = {
			isa = XCConfigurationList;
			buildConfigurations = (
				08DC4E571F8522C8000E0D57 /* Debug */,
				08DC4E581F8522C8000E0D57 /* Release */,
			);
			defaultConfigurationIsVisible = 0;
			defaultConfigurationName = Release;
		};
		08DC4E591F8522C8000E0D57 /* Build configuration list for PBXNativeTarget "OpenYourMind" */ = {
			isa = XCConfigurationList;
			buildConfigurations = (
				08DC4E5A1F8522C8000E0D57 /* Debug */,
				08DC4E5B1F8522C8000E0D57 /* Release */,
			);
			defaultConfigurationIsVisible = 0;
		};
		08DC4E5C1F8522C8000E0D57 /* Build configuration list for PBXNativeTarget "OpenYourMindTests" */ = {
			isa = XCConfigurationList;
			buildConfigurations = (
				08DC4E5D1F8522C8000E0D57 /* Debug */,
				08DC4E5E1F8522C8000E0D57 /* Release */,
			);
			defaultConfigurationIsVisible = 0;
		};
		08DC4E5F1F8522C8000E0D57 /* Build configuration list for PBXNativeTarget "OpenYourMindUITests" */ = {
			isa = XCConfigurationList;
			buildConfigurations = (
				08DC4E601F8522C8000E0D57 /* Debug */,
				08DC4E611F8522C8000E0D57 /* Release */,
			);
			defaultConfigurationIsVisible = 0;
		};
/* End XCConfigurationList section */
	};
	rootObject = 08DC4E241F8522C8000E0D57 /* Project object */;
}
